
Microsoft Visual Studio Solution File, Format Version 12.00
# Visual Studio Version 17
VisualStudioVersion = 17.5.002.0
MinimumVisualStudioVersion = 10.0.40219.1
Project("{9A19103F-16F7-4668-BE54-9A1E7A4F7556}") = "dotnet_cruiser", "dotnet_cruiser.csproj", "{DBAA8F36-9979-45A4-9E76-22EEDA51C18B}"
EndProject
Global
	GlobalSection(SolutionConfigurationPlatforms) = preSolution
		Debug|Any CPU = Debug|Any CPU
		Release|Any CPU = Release|Any CPU
	EndGlobalSection
	GlobalSection(ProjectConfigurationPlatforms) = postSolution
		{DBAA8F36-9979-45A4-9E76-22EEDA51C18B}.Debug|Any CPU.ActiveCfg = Debug|Any CPU
		{DBAA8F36-9979-45A4-9E76-22EEDA51C18B}.Debug|Any CPU.Build.0 = Debug|Any CPU
		{DBAA8F36-9979-45A4-9E76-22EEDA51C18B}.Release|Any CPU.ActiveCfg = Release|Any CPU
		{DBAA8F36-9979-45A4-9E76-22EEDA51C18B}.Release|Any CPU.Build.0 = Release|Any CPU
	EndGlobalSection
	GlobalSection(SolutionProperties) = preSolution
		HideSolutionNode = FALSE
	EndGlobalSection
	GlobalSection(ExtensibilityGlobals) = postSolution
		SolutionGuid = {F4F22E60-5D40-4CF2-86D0-BEB54571C540}
	EndGlobalSection
EndGlobal
